
Microsoft Visual Studio Solution File, Format Version 12.00
# Visual Studio Version 17
VisualStudioVersion = 17.4.33213.308
MinimumVisualStudioVersion = 10.0.40219.1
Project("{2150E333-8FDC-42A3-9474-1A3956D46DE8}") = "Core", "Core", "{A3BEB004-4DF7-4281-9A08-8A7BCD4E3CC9}"
EndProject
Project("{2150E333-8FDC-42A3-9474-1A3956D46DE8}") = "Apps", "Apps", "{42E99803-0A95-4172-9079-3B8BF8CBDE9F}"
EndProject
Project("{2150E333-8FDC-42A3-9474-1A3956D46DE8}") = "Controls", "Controls", "{E589E611-C328-4D4F-817D-A91D5A1019FB}"
EndProject
Project("{2150E333-8FDC-42A3-9474-1A3956D46DE8}") = "Background Services", "Background Services", "{0CDEA51D-46FE-4767-BA2E-8F14582A926D}"
EndProject
Project("{2150E333-8FDC-42A3-9474-1A3956D46DE8}") = "Solution Items", "Solution Items", "{006FDAED-6319-4976-B8BA-8D94E4574139}"
	ProjectSection(SolutionItems) = preProject
		LICENSE = LICENSE
		readme.md = readme.md
	EndProjectSection
EndProject
Project("{778DAE3C-4631-46EA-AA77-85C1314464D9}") = "RandomLoggingVB.Service", "VB\Background Services\RandomLoggingVB.Service\RandomLoggingVB.Service.vbproj", "{3B531D7A-6ED5-48ED-B4DB-F7102823CC18}"
EndProject
Project("{778DAE3C-4631-46EA-AA77-85C1314464D9}") = "LogViewerVB.WinForms", "VB\Controls\LogViewerVB.WinForms\LogViewerVB.WinForms.vbproj", "{ACE8F10D-A499-4B74-B1B5-F5B5EB86D650}"
EndProject
Project("{778DAE3C-4631-46EA-AA77-85C1314464D9}") = "LogViewerVB.Wpf", "VB\Controls\LogViewerVB.Wpf\LogViewerVB.Wpf.vbproj", "{63D45CB4-108C-415C-8068-2C58DB85E388}"
EndProject
Project("{778DAE3C-4631-46EA-AA77-85C1314464D9}") = "CommonVB.Core", "VB\Core\CommonVB.Core\CommonVB.Core.vbproj", "{C3EB00D7-004D-4EBD-9EAB-0D4FD5E5F416}"
EndProject
Project("{778DAE3C-4631-46EA-AA77-85C1314464D9}") = "LogViewerVB.Core", "VB\Core\LogViewerVB.Core\LogViewerVB.Core.vbproj", "{B50EF72E-0A03-44EA-B916-E8147074BCEA}"
EndProject
Project("{778DAE3C-4631-46EA-AA77-85C1314464D9}") = "MvvmVB.Core", "VB\Core\MvvmVB.Core\MvvmVB.Core.vbproj", "{25A972F7-8E8D-4737-A85B-932989B67A12}"
EndProject
Project("{778DAE3C-4631-46EA-AA77-85C1314464D9}") = "WpfLoggingVBNoDI", "VB\Applications\WpfLoggingVBNoDI\WpfLoggingVBNoDI.vbproj", "{BC3496F6-732C-43E4-B78E-7BE977620A12}"
EndProject
Project("{778DAE3C-4631-46EA-AA77-85C1314464D9}") = "WpfLoggingVBDI", "VB\Applications\WpfLoggingVBDI\WpfLoggingVBDI.vbproj", "{13EC5E84-7C06-4D47-BE5F-40FAAE005D95}"
EndProject
Project("{778DAE3C-4631-46EA-AA77-85C1314464D9}") = "WinFormsLoggingVBNoDI", "VB\Applications\WinFormsLoggingVBNoDI\WinFormsLoggingVBNoDI.vbproj", "{C47F41DD-1201-40EA-BA9C-6EB5903C31BC}"
EndProject
Project("{778DAE3C-4631-46EA-AA77-85C1314464D9}") = "WinFormsLoggingVBDI", "VB\Applications\WinFormsLoggingVBDI\WinFormsLoggingVBDI.vbproj", "{A6CB12B2-053B-45BE-B7FA-BC5B4A8816C8}"
EndProject
Project("{778DAE3C-4631-46EA-AA77-85C1314464D9}") = "CommonVB.WinForms", "VB\Core\CommonVB.WinForms\CommonVB.WinForms.vbproj", "{0089643A-DC3F-4FFD-99A9-8AB93F40812F}"
EndProject
Project("{778DAE3C-4631-46EA-AA77-85C1314464D9}") = "CommonVB.Wpf", "VB\Core\CommonVB.Wpf\CommonVB.Wpf.vbproj", "{9ABC33E7-7EEC-4FA9-9273-AF87E3819851}"
EndProject
Project("{2150E333-8FDC-42A3-9474-1A3956D46DE8}") = "MsLogger", "MsLogger", "{34F62E5D-3A0D-4CF9-A10E-B92507727DFB}"
EndProject
Project("{2150E333-8FDC-42A3-9474-1A3956D46DE8}") = "Serilog", "Serilog", "{DBA77D68-EED0-4399-B42C-07EAFA769415}"
EndProject
Project("{2150E333-8FDC-42A3-9474-1A3956D46DE8}") = "LoggerProviders", "LoggerProviders", "{51770E40-6BE8-49BD-B197-9EC6710067F4}"
EndProject
Project("{778DAE3C-4631-46EA-AA77-85C1314464D9}") = "MsLoggerVB.Core", "VB\Core\MsLoggerVB.Core\MsLoggerVB.Core.vbproj", "{FBBB25F9-D49C-4E1E-AE86-394DD9F41F9F}"
EndProject
Project("{778DAE3C-4631-46EA-AA77-85C1314464D9}") = "WinFormsSerilogVBDI", "VB\Applications\WinFormsSerilogVBDI\WinFormsSerilogVBDI.vbproj", "{B1468DF5-A644-4363-8C3F-D0FC8677DCC5}"
EndProject
Project("{778DAE3C-4631-46EA-AA77-85C1314464D9}") = "WinFormsSerilogVBNoDI", "VB\Applications\WinFormsSerilogVBNoDI\WinFormsSerilogVBNoDI.vbproj", "{F09B2256-D113-4B36-8493-B8520B048F8B}"
EndProject
Project("{778DAE3C-4631-46EA-AA77-85C1314464D9}") = "WpfSerilogVBDI", "VB\Applications\WpfSerilogVBDI\WpfSerilogVBDI.vbproj", "{99A289DC-FD44-4E65-A471-105DBB39B1A4}"
EndProject
Project("{778DAE3C-4631-46EA-AA77-85C1314464D9}") = "WpfSerilogVBNoDI", "VB\Applications\WpfSerilogVBNoDI\WpfSerilogVBNoDI.vbproj", "{69BA4A09-BF29-4A80-9CAB-3649B071893B}"
EndProject
Project("{778DAE3C-4631-46EA-AA77-85C1314464D9}") = "Serilog.Sinks.LogViewVB.Core", "VB\Core\Serilog.Sinks.LogViewVB.Core\Serilog.Sinks.LogViewVB.Core.vbproj", "{5C5D70F5-DAB8-4896-BAEA-636C7CA8A711}"
EndProject
Project("{778DAE3C-4631-46EA-AA77-85C1314464D9}") = "LogViewerVB.Avalonia", "VB\Controls\LogViewerVB.Avalonia\LogViewerVB.Avalonia.vbproj", "{013D3ED1-A065-4B5F-897F-DD09DDDB3503}"
EndProject
Project("{778DAE3C-4631-46EA-AA77-85C1314464D9}") = "AvaloniaLoggingVBNoDI", "VB\Applications\AvaloniaLoggingVBNoDI\AvaloniaLoggingVBNoDI.vbproj", "{4FDB0822-61A0-43EA-82A9-C1D15179AFEF}"
EndProject
Project("{778DAE3C-4631-46EA-AA77-85C1314464D9}") = "AvaloniaLoggingVBDI", "VB\Applications\AvaloniaLoggingVBDI\AvaloniaLoggingVBDI.vbproj", "{8C7B9A22-8C6C-4DD6-9098-F6459155CBD6}"
EndProject
Project("{778DAE3C-4631-46EA-AA77-85C1314464D9}") = "AvaloniaSerilogVBDI", "VB\Applications\AvaloniaSerilogVBDI\AvaloniaSerilogVBDI.vbproj", "{246C2BB6-6B56-4311-BF45-CDFD718E85C8}"
EndProject
Project("{778DAE3C-4631-46EA-AA77-85C1314464D9}") = "AvaloniaSerilogVBNoDI", "VB\Applications\AvaloniaSerilogVBNoDI\AvaloniaSerilogVBNoDI.vbproj", "{4290638D-4476-470D-8FB7-BC903BD895BB}"
EndProject
Project("{778DAE3C-4631-46EA-AA77-85C1314464D9}") = "NLog.Target.LogViewVB.Core", "VB\Core\NLog.Target.LogViewVB.Core\NLog.Target.LogViewVB.Core.vbproj", "{BDF85CF4-4582-4D1D-80BE-78B20D4121ED}"
EndProject
Project("{2150E333-8FDC-42A3-9474-1A3956D46DE8}") = "NLog", "NLog", "{9521E69E-C731-4F53-8ED8-1770F2DE7EDA}"
EndProject
Project("{778DAE3C-4631-46EA-AA77-85C1314464D9}") = "AvaloniaNlogVBDI", "VB\Applications\AvaloniaNlogVBDI\AvaloniaNlogVBDI.vbproj", "{C8EE4AF5-EBD7-447F-944F-1166C4E327CB}"
EndProject
Project("{778DAE3C-4631-46EA-AA77-85C1314464D9}") = "AvaloniaNlogVBNoDI", "VB\Applications\AvaloniaNlogVBNoDI\AvaloniaNlogVBNoDI.vbproj", "{BB3CD02C-B8CA-4E04-AAF3-A0F14B2A68E6}"
EndProject
Project("{778DAE3C-4631-46EA-AA77-85C1314464D9}") = "WinFormsNLogVBDI", "VB\Applications\WinFormsNLogVBDI\WinFormsNLogVBDI.vbproj", "{303EAB18-A849-4BF0-9847-94AD40A9556F}"
EndProject
Project("{778DAE3C-4631-46EA-AA77-85C1314464D9}") = "WinFormsNLogVBNoDI", "VB\Applications\WinFormsNLogVBNoDI\WinFormsNLogVBNoDI.vbproj", "{7538E95A-FB32-4D17-8EE0-6AD47D0FE9EE}"
EndProject
Project("{778DAE3C-4631-46EA-AA77-85C1314464D9}") = "WpfNLogVBDI", "VB\Applications\WpfNLogVBDI\WpfNLogVBDI.vbproj", "{14A7A4F8-0603-419A-A0F8-50A4A236367D}"
EndProject
Project("{778DAE3C-4631-46EA-AA77-85C1314464D9}") = "WpfNLogVBNoDI", "VB\Applications\WpfNLogVBNoDI\WpfNLogVBNoDI.vbproj", "{76771B0A-5C9C-42BF-946F-D4C2826218C5}"
EndProject
Project("{2150E333-8FDC-42A3-9474-1A3956D46DE8}") = "Resources", "Resources", "{629F7DD3-F88C-4571-9F9D-12F0FDD5B8B0}"
EndProject
Project("{778DAE3C-4631-46EA-AA77-85C1314464D9}") = "Avalonia.Resources", "Resources\Avalonia.Resources\Avalonia.Resources.vbproj", "{7CCC1603-A0C9-4B62-A3B9-48C9BAA24830}"
EndProject
Project("{2150E333-8FDC-42A3-9474-1A3956D46DE8}") = "Log4Net", "Log4Net", "{2BC7881C-34B0-4859-B8D9-AD3DFAB23FF5}"
EndProject
Project("{2150E333-8FDC-42A3-9474-1A3956D46DE8}") = "3rd Party", "3rd Party", "{4634D02B-8C2E-4367-9F8F-710F3E9E9E02}"
EndProject
Project("{9A19103F-16F7-4668-BE54-9A1E7A4F7556}") = "Microsoft.Extensions.Logging.Log4Net.AspNetCore", "Resources\3rd Party\Microsoft.Extensions.Logging.Log4Net.AspNetCore\Microsoft.Extensions.Logging.Log4Net.AspNetCore.csproj", "{A89E8BB4-5D22-42C7-AC65-2D5E0E383739}"
EndProject
Project("{778DAE3C-4631-46EA-AA77-85C1314464D9}") = "Log4Net.Appender.LogViewVB.Core", "VB\Core\Log4Net.Appender.LogViewVB.Core\Log4Net.Appender.LogViewVB.Core.vbproj", "{09293AED-C782-4E7C-BC52-CD1A37697066}"
EndProject
Project("{778DAE3C-4631-46EA-AA77-85C1314464D9}") = "WpfLog4NetVBDI", "VB\Applications\WpfLog4NetVBDI\WpfLog4NetVBDI.vbproj", "{83C61718-BABC-49D3-95D9-04B636DEA5E5}"
EndProject
Project("{778DAE3C-4631-46EA-AA77-85C1314464D9}") = "WpfLog4NetVBNoDI", "VB\Applications\WpfLog4NetVBNoDI\WpfLog4NetVBNoDI.vbproj", "{456B6702-C953-4407-BAE8-E5AC650E166D}"
EndProject
Project("{778DAE3C-4631-46EA-AA77-85C1314464D9}") = "AvaloniaLog4NetVBDI", "VB\Applications\AvaloniaLog4NetVBDI\AvaloniaLog4NetVBDI.vbproj", "{9AC79789-DDC9-400B-9F56-23DFA32CC29D}"
EndProject
Project("{778DAE3C-4631-46EA-AA77-85C1314464D9}") = "AvaloniaLog4NetVBNoDI", "VB\Applications\AvaloniaLog4NetVBNoDI\AvaloniaLog4NetVBNoDI.vbproj", "{8C121AAD-2683-42DC-AD03-5F4D302D68E1}"
EndProject
Project("{778DAE3C-4631-46EA-AA77-85C1314464D9}") = "WinFormsLog4NetVBNoDI", "VB\Applications\WinFormsLog4NetVBNoDI\WinFormsLog4NetVBNoDI.vbproj", "{CD755A75-7409-40CD-A99D-F9DA9444E798}"
EndProject
Project("{778DAE3C-4631-46EA-AA77-85C1314464D9}") = "WinFormsLog4NetVBDI", "VB\Applications\WinFormsLog4NetVBDI\WinFormsLog4NetVBDI.vbproj", "{621EA2C2-5072-4B41-8029-82D0FFA2D910}"
EndProject
Global
	GlobalSection(SolutionConfigurationPlatforms) = preSolution
		Debug|Any CPU = Debug|Any CPU
		Release|Any CPU = Release|Any CPU
	EndGlobalSection
	GlobalSection(ProjectConfigurationPlatforms) = postSolution
		{3B531D7A-6ED5-48ED-B4DB-F7102823CC18}.Debug|Any CPU.ActiveCfg = Debug|Any CPU
		{3B531D7A-6ED5-48ED-B4DB-F7102823CC18}.Debug|Any CPU.Build.0 = Debug|Any CPU
		{3B531D7A-6ED5-48ED-B4DB-F7102823CC18}.Release|Any CPU.ActiveCfg = Release|Any CPU
		{3B531D7A-6ED5-48ED-B4DB-F7102823CC18}.Release|Any CPU.Build.0 = Release|Any CPU
		{ACE8F10D-A499-4B74-B1B5-F5B5EB86D650}.Debug|Any CPU.ActiveCfg = Debug|Any CPU
		{ACE8F10D-A499-4B74-B1B5-F5B5EB86D650}.Debug|Any CPU.Build.0 = Debug|Any CPU
		{ACE8F10D-A499-4B74-B1B5-F5B5EB86D650}.Release|Any CPU.ActiveCfg = Release|Any CPU
		{ACE8F10D-A499-4B74-B1B5-F5B5EB86D650}.Release|Any CPU.Build.0 = Release|Any CPU
		{63D45CB4-108C-415C-8068-2C58DB85E388}.Debug|Any CPU.ActiveCfg = Debug|Any CPU
		{63D45CB4-108C-415C-8068-2C58DB85E388}.Debug|Any CPU.Build.0 = Debug|Any CPU
		{63D45CB4-108C-415C-8068-2C58DB85E388}.Release|Any CPU.ActiveCfg = Release|Any CPU
		{63D45CB4-108C-415C-8068-2C58DB85E388}.Release|Any CPU.Build.0 = Release|Any CPU
		{C3EB00D7-004D-4EBD-9EAB-0D4FD5E5F416}.Debug|Any CPU.ActiveCfg = Debug|Any CPU
		{C3EB00D7-004D-4EBD-9EAB-0D4FD5E5F416}.Debug|Any CPU.Build.0 = Debug|Any CPU
		{C3EB00D7-004D-4EBD-9EAB-0D4FD5E5F416}.Release|Any CPU.ActiveCfg = Release|Any CPU
		{C3EB00D7-004D-4EBD-9EAB-0D4FD5E5F416}.Release|Any CPU.Build.0 = Release|Any CPU
		{B50EF72E-0A03-44EA-B916-E8147074BCEA}.Debug|Any CPU.ActiveCfg = Debug|Any CPU
		{B50EF72E-0A03-44EA-B916-E8147074BCEA}.Debug|Any CPU.Build.0 = Debug|Any CPU
		{B50EF72E-0A03-44EA-B916-E8147074BCEA}.Release|Any CPU.ActiveCfg = Release|Any CPU
		{B50EF72E-0A03-44EA-B916-E8147074BCEA}.Release|Any CPU.Build.0 = Release|Any CPU
		{25A972F7-8E8D-4737-A85B-932989B67A12}.Debug|Any CPU.ActiveCfg = Debug|Any CPU
		{25A972F7-8E8D-4737-A85B-932989B67A12}.Debug|Any CPU.Build.0 = Debug|Any CPU
		{25A972F7-8E8D-4737-A85B-932989B67A12}.Release|Any CPU.ActiveCfg = Release|Any CPU
		{25A972F7-8E8D-4737-A85B-932989B67A12}.Release|Any CPU.Build.0 = Release|Any CPU
		{BC3496F6-732C-43E4-B78E-7BE977620A12}.Debug|Any CPU.ActiveCfg = Debug|Any CPU
		{BC3496F6-732C-43E4-B78E-7BE977620A12}.Debug|Any CPU.Build.0 = Debug|Any CPU
		{BC3496F6-732C-43E4-B78E-7BE977620A12}.Release|Any CPU.ActiveCfg = Release|Any CPU
		{BC3496F6-732C-43E4-B78E-7BE977620A12}.Release|Any CPU.Build.0 = Release|Any CPU
		{13EC5E84-7C06-4D47-BE5F-40FAAE005D95}.Debug|Any CPU.ActiveCfg = Debug|Any CPU
		{13EC5E84-7C06-4D47-BE5F-40FAAE005D95}.Debug|Any CPU.Build.0 = Debug|Any CPU
		{13EC5E84-7C06-4D47-BE5F-40FAAE005D95}.Release|Any CPU.ActiveCfg = Release|Any CPU
		{13EC5E84-7C06-4D47-BE5F-40FAAE005D95}.Release|Any CPU.Build.0 = Release|Any CPU
		{C47F41DD-1201-40EA-BA9C-6EB5903C31BC}.Debug|Any CPU.ActiveCfg = Debug|Any CPU
		{C47F41DD-1201-40EA-BA9C-6EB5903C31BC}.Debug|Any CPU.Build.0 = Debug|Any CPU
		{C47F41DD-1201-40EA-BA9C-6EB5903C31BC}.Release|Any CPU.ActiveCfg = Release|Any CPU
		{C47F41DD-1201-40EA-BA9C-6EB5903C31BC}.Release|Any CPU.Build.0 = Release|Any CPU
		{A6CB12B2-053B-45BE-B7FA-BC5B4A8816C8}.Debug|Any CPU.ActiveCfg = Debug|Any CPU
		{A6CB12B2-053B-45BE-B7FA-BC5B4A8816C8}.Debug|Any CPU.Build.0 = Debug|Any CPU
		{A6CB12B2-053B-45BE-B7FA-BC5B4A8816C8}.Release|Any CPU.ActiveCfg = Release|Any CPU
		{A6CB12B2-053B-45BE-B7FA-BC5B4A8816C8}.Release|Any CPU.Build.0 = Release|Any CPU
		{0089643A-DC3F-4FFD-99A9-8AB93F40812F}.Debug|Any CPU.ActiveCfg = Debug|Any CPU
		{0089643A-DC3F-4FFD-99A9-8AB93F40812F}.Debug|Any CPU.Build.0 = Debug|Any CPU
		{0089643A-DC3F-4FFD-99A9-8AB93F40812F}.Release|Any CPU.ActiveCfg = Release|Any CPU
		{0089643A-DC3F-4FFD-99A9-8AB93F40812F}.Release|Any CPU.Build.0 = Release|Any CPU
		{9ABC33E7-7EEC-4FA9-9273-AF87E3819851}.Debug|Any CPU.ActiveCfg = Debug|Any CPU
		{9ABC33E7-7EEC-4FA9-9273-AF87E3819851}.Debug|Any CPU.Build.0 = Debug|Any CPU
		{9ABC33E7-7EEC-4FA9-9273-AF87E3819851}.Release|Any CPU.ActiveCfg = Release|Any CPU
		{9ABC33E7-7EEC-4FA9-9273-AF87E3819851}.Release|Any CPU.Build.0 = Release|Any CPU
		{FBBB25F9-D49C-4E1E-AE86-394DD9F41F9F}.Debug|Any CPU.ActiveCfg = Debug|Any CPU
		{FBBB25F9-D49C-4E1E-AE86-394DD9F41F9F}.Debug|Any CPU.Build.0 = Debug|Any CPU
		{FBBB25F9-D49C-4E1E-AE86-394DD9F41F9F}.Release|Any CPU.ActiveCfg = Release|Any CPU
		{FBBB25F9-D49C-4E1E-AE86-394DD9F41F9F}.Release|Any CPU.Build.0 = Release|Any CPU
		{B1468DF5-A644-4363-8C3F-D0FC8677DCC5}.Debug|Any CPU.ActiveCfg = Debug|Any CPU
		{B1468DF5-A644-4363-8C3F-D0FC8677DCC5}.Debug|Any CPU.Build.0 = Debug|Any CPU
		{B1468DF5-A644-4363-8C3F-D0FC8677DCC5}.Release|Any CPU.ActiveCfg = Release|Any CPU
		{B1468DF5-A644-4363-8C3F-D0FC8677DCC5}.Release|Any CPU.Build.0 = Release|Any CPU
		{F09B2256-D113-4B36-8493-B8520B048F8B}.Debug|Any CPU.ActiveCfg = Debug|Any CPU
		{F09B2256-D113-4B36-8493-B8520B048F8B}.Debug|Any CPU.Build.0 = Debug|Any CPU
		{F09B2256-D113-4B36-8493-B8520B048F8B}.Release|Any CPU.ActiveCfg = Release|Any CPU
		{F09B2256-D113-4B36-8493-B8520B048F8B}.Release|Any CPU.Build.0 = Release|Any CPU
		{99A289DC-FD44-4E65-A471-105DBB39B1A4}.Debug|Any CPU.ActiveCfg = Debug|Any CPU
		{99A289DC-FD44-4E65-A471-105DBB39B1A4}.Debug|Any CPU.Build.0 = Debug|Any CPU
		{99A289DC-FD44-4E65-A471-105DBB39B1A4}.Release|Any CPU.ActiveCfg = Release|Any CPU
		{99A289DC-FD44-4E65-A471-105DBB39B1A4}.Release|Any CPU.Build.0 = Release|Any CPU
		{69BA4A09-BF29-4A80-9CAB-3649B071893B}.Debug|Any CPU.ActiveCfg = Debug|Any CPU
		{69BA4A09-BF29-4A80-9CAB-3649B071893B}.Debug|Any CPU.Build.0 = Debug|Any CPU
		{69BA4A09-BF29-4A80-9CAB-3649B071893B}.Release|Any CPU.ActiveCfg = Release|Any CPU
		{69BA4A09-BF29-4A80-9CAB-3649B071893B}.Release|Any CPU.Build.0 = Release|Any CPU
		{5C5D70F5-DAB8-4896-BAEA-636C7CA8A711}.Debug|Any CPU.ActiveCfg = Debug|Any CPU
		{5C5D70F5-DAB8-4896-BAEA-636C7CA8A711}.Debug|Any CPU.Build.0 = Debug|Any CPU
		{5C5D70F5-DAB8-4896-BAEA-636C7CA8A711}.Release|Any CPU.ActiveCfg = Release|Any CPU
		{5C5D70F5-DAB8-4896-BAEA-636C7CA8A711}.Release|Any CPU.Build.0 = Release|Any CPU
		{013D3ED1-A065-4B5F-897F-DD09DDDB3503}.Debug|Any CPU.ActiveCfg = Debug|Any CPU
		{013D3ED1-A065-4B5F-897F-DD09DDDB3503}.Debug|Any CPU.Build.0 = Debug|Any CPU
		{013D3ED1-A065-4B5F-897F-DD09DDDB3503}.Release|Any CPU.ActiveCfg = Release|Any CPU
		{013D3ED1-A065-4B5F-897F-DD09DDDB3503}.Release|Any CPU.Build.0 = Release|Any CPU
		{4FDB0822-61A0-43EA-82A9-C1D15179AFEF}.Debug|Any CPU.ActiveCfg = Debug|Any CPU
		{4FDB0822-61A0-43EA-82A9-C1D15179AFEF}.Debug|Any CPU.Build.0 = Debug|Any CPU
		{4FDB0822-61A0-43EA-82A9-C1D15179AFEF}.Release|Any CPU.ActiveCfg = Release|Any CPU
		{4FDB0822-61A0-43EA-82A9-C1D15179AFEF}.Release|Any CPU.Build.0 = Release|Any CPU
		{8C7B9A22-8C6C-4DD6-9098-F6459155CBD6}.Debug|Any CPU.ActiveCfg = Debug|Any CPU
		{8C7B9A22-8C6C-4DD6-9098-F6459155CBD6}.Debug|Any CPU.Build.0 = Debug|Any CPU
		{8C7B9A22-8C6C-4DD6-9098-F6459155CBD6}.Release|Any CPU.ActiveCfg = Release|Any CPU
		{8C7B9A22-8C6C-4DD6-9098-F6459155CBD6}.Release|Any CPU.Build.0 = Release|Any CPU
		{246C2BB6-6B56-4311-BF45-CDFD718E85C8}.Debug|Any CPU.ActiveCfg = Debug|Any CPU
		{246C2BB6-6B56-4311-BF45-CDFD718E85C8}.Debug|Any CPU.Build.0 = Debug|Any CPU
		{246C2BB6-6B56-4311-BF45-CDFD718E85C8}.Release|Any CPU.ActiveCfg = Release|Any CPU
		{246C2BB6-6B56-4311-BF45-CDFD718E85C8}.Release|Any CPU.Build.0 = Release|Any CPU
		{4290638D-4476-470D-8FB7-BC903BD895BB}.Debug|Any CPU.ActiveCfg = Debug|Any CPU
		{4290638D-4476-470D-8FB7-BC903BD895BB}.Debug|Any CPU.Build.0 = Debug|Any CPU
		{4290638D-4476-470D-8FB7-BC903BD895BB}.Release|Any CPU.ActiveCfg = Release|Any CPU
		{4290638D-4476-470D-8FB7-BC903BD895BB}.Release|Any CPU.Build.0 = Release|Any CPU
		{BDF85CF4-4582-4D1D-80BE-78B20D4121ED}.Debug|Any CPU.ActiveCfg = Debug|Any CPU
		{BDF85CF4-4582-4D1D-80BE-78B20D4121ED}.Debug|Any CPU.Build.0 = Debug|Any CPU
		{BDF85CF4-4582-4D1D-80BE-78B20D4121ED}.Release|Any CPU.ActiveCfg = Release|Any CPU
		{BDF85CF4-4582-4D1D-80BE-78B20D4121ED}.Release|Any CPU.Build.0 = Release|Any CPU
		{C8EE4AF5-EBD7-447F-944F-1166C4E327CB}.Debug|Any CPU.ActiveCfg = Debug|Any CPU
		{C8EE4AF5-EBD7-447F-944F-1166C4E327CB}.Debug|Any CPU.Build.0 = Debug|Any CPU
		{C8EE4AF5-EBD7-447F-944F-1166C4E327CB}.Release|Any CPU.ActiveCfg = Release|Any CPU
		{C8EE4AF5-EBD7-447F-944F-1166C4E327CB}.Release|Any CPU.Build.0 = Release|Any CPU
		{BB3CD02C-B8CA-4E04-AAF3-A0F14B2A68E6}.Debug|Any CPU.ActiveCfg = Debug|Any CPU
		{BB3CD02C-B8CA-4E04-AAF3-A0F14B2A68E6}.Debug|Any CPU.Build.0 = Debug|Any CPU
		{BB3CD02C-B8CA-4E04-AAF3-A0F14B2A68E6}.Release|Any CPU.ActiveCfg = Release|Any CPU
		{BB3CD02C-B8CA-4E04-AAF3-A0F14B2A68E6}.Release|Any CPU.Build.0 = Release|Any CPU
		{303EAB18-A849-4BF0-9847-94AD40A9556F}.Debug|Any CPU.ActiveCfg = Debug|Any CPU
		{303EAB18-A849-4BF0-9847-94AD40A9556F}.Debug|Any CPU.Build.0 = Debug|Any CPU
		{303EAB18-A849-4BF0-9847-94AD40A9556F}.Release|Any CPU.ActiveCfg = Release|Any CPU
		{303EAB18-A849-4BF0-9847-94AD40A9556F}.Release|Any CPU.Build.0 = Release|Any CPU
		{7538E95A-FB32-4D17-8EE0-6AD47D0FE9EE}.Debug|Any CPU.ActiveCfg = Debug|Any CPU
		{7538E95A-FB32-4D17-8EE0-6AD47D0FE9EE}.Debug|Any CPU.Build.0 = Debug|Any CPU
		{7538E95A-FB32-4D17-8EE0-6AD47D0FE9EE}.Release|Any CPU.ActiveCfg = Release|Any CPU
		{7538E95A-FB32-4D17-8EE0-6AD47D0FE9EE}.Release|Any CPU.Build.0 = Release|Any CPU
		{14A7A4F8-0603-419A-A0F8-50A4A236367D}.Debug|Any CPU.ActiveCfg = Debug|Any CPU
		{14A7A4F8-0603-419A-A0F8-50A4A236367D}.Debug|Any CPU.Build.0 = Debug|Any CPU
		{14A7A4F8-0603-419A-A0F8-50A4A236367D}.Release|Any CPU.ActiveCfg = Release|Any CPU
		{14A7A4F8-0603-419A-A0F8-50A4A236367D}.Release|Any CPU.Build.0 = Release|Any CPU
		{76771B0A-5C9C-42BF-946F-D4C2826218C5}.Debug|Any CPU.ActiveCfg = Debug|Any CPU
		{76771B0A-5C9C-42BF-946F-D4C2826218C5}.Debug|Any CPU.Build.0 = Debug|Any CPU
		{76771B0A-5C9C-42BF-946F-D4C2826218C5}.Release|Any CPU.ActiveCfg = Release|Any CPU
		{76771B0A-5C9C-42BF-946F-D4C2826218C5}.Release|Any CPU.Build.0 = Release|Any CPU
		{7CCC1603-A0C9-4B62-A3B9-48C9BAA24830}.Debug|Any CPU.ActiveCfg = Debug|Any CPU
		{7CCC1603-A0C9-4B62-A3B9-48C9BAA24830}.Debug|Any CPU.Build.0 = Debug|Any CPU
		{7CCC1603-A0C9-4B62-A3B9-48C9BAA24830}.Release|Any CPU.ActiveCfg = Release|Any CPU
		{7CCC1603-A0C9-4B62-A3B9-48C9BAA24830}.Release|Any CPU.Build.0 = Release|Any CPU
		{A89E8BB4-5D22-42C7-AC65-2D5E0E383739}.Debug|Any CPU.ActiveCfg = Debug|Any CPU
		{A89E8BB4-5D22-42C7-AC65-2D5E0E383739}.Debug|Any CPU.Build.0 = Debug|Any CPU
		{A89E8BB4-5D22-42C7-AC65-2D5E0E383739}.Release|Any CPU.ActiveCfg = Release|Any CPU
		{A89E8BB4-5D22-42C7-AC65-2D5E0E383739}.Release|Any CPU.Build.0 = Release|Any CPU
		{09293AED-C782-4E7C-BC52-CD1A37697066}.Debug|Any CPU.ActiveCfg = Debug|Any CPU
		{09293AED-C782-4E7C-BC52-CD1A37697066}.Debug|Any CPU.Build.0 = Debug|Any CPU
		{09293AED-C782-4E7C-BC52-CD1A37697066}.Release|Any CPU.ActiveCfg = Release|Any CPU
		{09293AED-C782-4E7C-BC52-CD1A37697066}.Release|Any CPU.Build.0 = Release|Any CPU
		{83C61718-BABC-49D3-95D9-04B636DEA5E5}.Debug|Any CPU.ActiveCfg = Debug|Any CPU
		{83C61718-BABC-49D3-95D9-04B636DEA5E5}.Debug|Any CPU.Build.0 = Debug|Any CPU
		{83C61718-BABC-49D3-95D9-04B636DEA5E5}.Release|Any CPU.ActiveCfg = Release|Any CPU
		{83C61718-BABC-49D3-95D9-04B636DEA5E5}.Release|Any CPU.Build.0 = Release|Any CPU
		{456B6702-C953-4407-BAE8-E5AC650E166D}.Debug|Any CPU.ActiveCfg = Debug|Any CPU
		{456B6702-C953-4407-BAE8-E5AC650E166D}.Debug|Any CPU.Build.0 = Debug|Any CPU
		{456B6702-C953-4407-BAE8-E5AC650E166D}.Release|Any CPU.ActiveCfg = Release|Any CPU
		{456B6702-C953-4407-BAE8-E5AC650E166D}.Release|Any CPU.Build.0 = Release|Any CPU
		{9AC79789-DDC9-400B-9F56-23DFA32CC29D}.Debug|Any CPU.ActiveCfg = Debug|Any CPU
		{9AC79789-DDC9-400B-9F56-23DFA32CC29D}.Debug|Any CPU.Build.0 = Debug|Any CPU
		{9AC79789-DDC9-400B-9F56-23DFA32CC29D}.Release|Any CPU.ActiveCfg = Release|Any CPU
		{9AC79789-DDC9-400B-9F56-23DFA32CC29D}.Release|Any CPU.Build.0 = Release|Any CPU
		{8C121AAD-2683-42DC-AD03-5F4D302D68E1}.Debug|Any CPU.ActiveCfg = Debug|Any CPU
		{8C121AAD-2683-42DC-AD03-5F4D302D68E1}.Debug|Any CPU.Build.0 = Debug|Any CPU
		{8C121AAD-2683-42DC-AD03-5F4D302D68E1}.Release|Any CPU.ActiveCfg = Release|Any CPU
		{8C121AAD-2683-42DC-AD03-5F4D302D68E1}.Release|Any CPU.Build.0 = Release|Any CPU
		{CD755A75-7409-40CD-A99D-F9DA9444E798}.Debug|Any CPU.ActiveCfg = Debug|Any CPU
		{CD755A75-7409-40CD-A99D-F9DA9444E798}.Debug|Any CPU.Build.0 = Debug|Any CPU
		{CD755A75-7409-40CD-A99D-F9DA9444E798}.Release|Any CPU.ActiveCfg = Release|Any CPU
		{CD755A75-7409-40CD-A99D-F9DA9444E798}.Release|Any CPU.Build.0 = Release|Any CPU
		{621EA2C2-5072-4B41-8029-82D0FFA2D910}.Debug|Any CPU.ActiveCfg = Debug|Any CPU
		{621EA2C2-5072-4B41-8029-82D0FFA2D910}.Debug|Any CPU.Build.0 = Debug|Any CPU
		{621EA2C2-5072-4B41-8029-82D0FFA2D910}.Release|Any CPU.ActiveCfg = Release|Any CPU
		{621EA2C2-5072-4B41-8029-82D0FFA2D910}.Release|Any CPU.Build.0 = Release|Any CPU
	EndGlobalSection
	GlobalSection(SolutionProperties) = preSolution
		HideSolutionNode = FALSE
	EndGlobalSection
	GlobalSection(NestedProjects) = preSolution
		{3B531D7A-6ED5-48ED-B4DB-F7102823CC18} = {0CDEA51D-46FE-4767-BA2E-8F14582A926D}
		{ACE8F10D-A499-4B74-B1B5-F5B5EB86D650} = {E589E611-C328-4D4F-817D-A91D5A1019FB}
		{63D45CB4-108C-415C-8068-2C58DB85E388} = {E589E611-C328-4D4F-817D-A91D5A1019FB}
		{C3EB00D7-004D-4EBD-9EAB-0D4FD5E5F416} = {A3BEB004-4DF7-4281-9A08-8A7BCD4E3CC9}
		{B50EF72E-0A03-44EA-B916-E8147074BCEA} = {A3BEB004-4DF7-4281-9A08-8A7BCD4E3CC9}
		{25A972F7-8E8D-4737-A85B-932989B67A12} = {A3BEB004-4DF7-4281-9A08-8A7BCD4E3CC9}
		{BC3496F6-732C-43E4-B78E-7BE977620A12} = {34F62E5D-3A0D-4CF9-A10E-B92507727DFB}
		{13EC5E84-7C06-4D47-BE5F-40FAAE005D95} = {34F62E5D-3A0D-4CF9-A10E-B92507727DFB}
		{C47F41DD-1201-40EA-BA9C-6EB5903C31BC} = {34F62E5D-3A0D-4CF9-A10E-B92507727DFB}
		{A6CB12B2-053B-45BE-B7FA-BC5B4A8816C8} = {34F62E5D-3A0D-4CF9-A10E-B92507727DFB}
		{0089643A-DC3F-4FFD-99A9-8AB93F40812F} = {A3BEB004-4DF7-4281-9A08-8A7BCD4E3CC9}
		{9ABC33E7-7EEC-4FA9-9273-AF87E3819851} = {A3BEB004-4DF7-4281-9A08-8A7BCD4E3CC9}
		{34F62E5D-3A0D-4CF9-A10E-B92507727DFB} = {42E99803-0A95-4172-9079-3B8BF8CBDE9F}
		{DBA77D68-EED0-4399-B42C-07EAFA769415} = {42E99803-0A95-4172-9079-3B8BF8CBDE9F}
		{51770E40-6BE8-49BD-B197-9EC6710067F4} = {A3BEB004-4DF7-4281-9A08-8A7BCD4E3CC9}
		{FBBB25F9-D49C-4E1E-AE86-394DD9F41F9F} = {51770E40-6BE8-49BD-B197-9EC6710067F4}
		{B1468DF5-A644-4363-8C3F-D0FC8677DCC5} = {DBA77D68-EED0-4399-B42C-07EAFA769415}
		{F09B2256-D113-4B36-8493-B8520B048F8B} = {DBA77D68-EED0-4399-B42C-07EAFA769415}
		{99A289DC-FD44-4E65-A471-105DBB39B1A4} = {DBA77D68-EED0-4399-B42C-07EAFA769415}
		{69BA4A09-BF29-4A80-9CAB-3649B071893B} = {DBA77D68-EED0-4399-B42C-07EAFA769415}
		{5C5D70F5-DAB8-4896-BAEA-636C7CA8A711} = {51770E40-6BE8-49BD-B197-9EC6710067F4}
		{013D3ED1-A065-4B5F-897F-DD09DDDB3503} = {E589E611-C328-4D4F-817D-A91D5A1019FB}
		{4FDB0822-61A0-43EA-82A9-C1D15179AFEF} = {34F62E5D-3A0D-4CF9-A10E-B92507727DFB}
		{8C7B9A22-8C6C-4DD6-9098-F6459155CBD6} = {34F62E5D-3A0D-4CF9-A10E-B92507727DFB}
		{246C2BB6-6B56-4311-BF45-CDFD718E85C8} = {DBA77D68-EED0-4399-B42C-07EAFA769415}
		{4290638D-4476-470D-8FB7-BC903BD895BB} = {DBA77D68-EED0-4399-B42C-07EAFA769415}
		{BDF85CF4-4582-4D1D-80BE-78B20D4121ED} = {51770E40-6BE8-49BD-B197-9EC6710067F4}
		{9521E69E-C731-4F53-8ED8-1770F2DE7EDA} = {42E99803-0A95-4172-9079-3B8BF8CBDE9F}
		{C8EE4AF5-EBD7-447F-944F-1166C4E327CB} = {9521E69E-C731-4F53-8ED8-1770F2DE7EDA}
		{BB3CD02C-B8CA-4E04-AAF3-A0F14B2A68E6} = {9521E69E-C731-4F53-8ED8-1770F2DE7EDA}
		{303EAB18-A849-4BF0-9847-94AD40A9556F} = {9521E69E-C731-4F53-8ED8-1770F2DE7EDA}
		{7538E95A-FB32-4D17-8EE0-6AD47D0FE9EE} = {9521E69E-C731-4F53-8ED8-1770F2DE7EDA}
		{14A7A4F8-0603-419A-A0F8-50A4A236367D} = {9521E69E-C731-4F53-8ED8-1770F2DE7EDA}
		{76771B0A-5C9C-42BF-946F-D4C2826218C5} = {9521E69E-C731-4F53-8ED8-1770F2DE7EDA}
		{7CCC1603-A0C9-4B62-A3B9-48C9BAA24830} = {629F7DD3-F88C-4571-9F9D-12F0FDD5B8B0}
		{2BC7881C-34B0-4859-B8D9-AD3DFAB23FF5} = {42E99803-0A95-4172-9079-3B8BF8CBDE9F}
		{4634D02B-8C2E-4367-9F8F-710F3E9E9E02} = {629F7DD3-F88C-4571-9F9D-12F0FDD5B8B0}
		{A89E8BB4-5D22-42C7-AC65-2D5E0E383739} = {4634D02B-8C2E-4367-9F8F-710F3E9E9E02}
		{09293AED-C782-4E7C-BC52-CD1A37697066} = {51770E40-6BE8-49BD-B197-9EC6710067F4}
		{83C61718-BABC-49D3-95D9-04B636DEA5E5} = {2BC7881C-34B0-4859-B8D9-AD3DFAB23FF5}
		{456B6702-C953-4407-BAE8-E5AC650E166D} = {2BC7881C-34B0-4859-B8D9-AD3DFAB23FF5}
		{9AC79789-DDC9-400B-9F56-23DFA32CC29D} = {2BC7881C-34B0-4859-B8D9-AD3DFAB23FF5}
		{8C121AAD-2683-42DC-AD03-5F4D302D68E1} = {2BC7881C-34B0-4859-B8D9-AD3DFAB23FF5}
		{CD755A75-7409-40CD-A99D-F9DA9444E798} = {2BC7881C-34B0-4859-B8D9-AD3DFAB23FF5}
		{621EA2C2-5072-4B41-8029-82D0FFA2D910} = {2BC7881C-34B0-4859-B8D9-AD3DFAB23FF5}
	EndGlobalSection
	GlobalSection(ExtensibilityGlobals) = postSolution
		SolutionGuid = {D6A9B467-ED50-40DB-9FFB-5BE745F08DDB}
	EndGlobalSection
EndGlobal
