
Microsoft Visual Studio Solution File, Format Version 12.00
# Visual Studio Version 17
VisualStudioVersion = 17.4.33213.308
MinimumVisualStudioVersion = 10.0.40219.1
Project("{2150E333-8FDC-42A3-9474-1A3956D46DE8}") = "Core", "Core", "{A3BEB004-4DF7-4281-9A08-8A7BCD4E3CC9}"
EndProject
Project("{9A19103F-16F7-4668-BE54-9A1E7A4F7556}") = "Mvvm.Core", "CSharp\Core\Mvvm.Core\Mvvm.Core.csproj", "{BB614345-449F-46AD-BE8C-5E2B7616EDE2}"
EndProject
Project("{9A19103F-16F7-4668-BE54-9A1E7A4F7556}") = "LogViewer.Core", "CSharp\Core\LogViewer.Core\LogViewer.Core.csproj", "{34F75D8B-6F15-4DE4-8335-FED83557EB8E}"
EndProject
Project("{2150E333-8FDC-42A3-9474-1A3956D46DE8}") = "Apps", "Apps", "{42E99803-0A95-4172-9079-3B8BF8CBDE9F}"
EndProject
Project("{9A19103F-16F7-4668-BE54-9A1E7A4F7556}") = "LogViewer.Wpf", "CSharp\Controls\LogViewer.Wpf\LogViewer.Wpf.csproj", "{094DF049-194B-43EE-A4EC-EC647FBB44D5}"
EndProject
Project("{2150E333-8FDC-42A3-9474-1A3956D46DE8}") = "Controls", "Controls", "{E589E611-C328-4D4F-817D-A91D5A1019FB}"
EndProject
Project("{9A19103F-16F7-4668-BE54-9A1E7A4F7556}") = "WpfLoggingDI", "CSharp\Applications\WpfLoggingDI\WpfLoggingDI.csproj", "{9FF3C1CB-C95B-4660-8DD7-9B367824B67C}"
EndProject
Project("{2150E333-8FDC-42A3-9474-1A3956D46DE8}") = "Background Services", "Background Services", "{0CDEA51D-46FE-4767-BA2E-8F14582A926D}"
EndProject
Project("{9A19103F-16F7-4668-BE54-9A1E7A4F7556}") = "LogViewer.WinForms", "CSharp\Controls\LogViewer.WinForms\LogViewer.WinForms.csproj", "{5EEBF0FE-9A6E-4B01-A8E3-1F21F183DF22}"
EndProject
Project("{9A19103F-16F7-4668-BE54-9A1E7A4F7556}") = "WinFormsLoggingDI", "CSharp\Applications\WinFormsLoggingDI\WinFormsLoggingDI.csproj", "{82EA3F1F-8267-4920-AD4B-BA7087BBD5DA}"
EndProject
Project("{9A19103F-16F7-4668-BE54-9A1E7A4F7556}") = "WinFormsLoggingNoDI", "CSharp\Applications\WinFormsLoggingNoDI\WinFormsLoggingNoDI.csproj", "{E17466C3-8CC2-43EA-81C7-85F7EB1A7BAB}"
EndProject
Project("{9A19103F-16F7-4668-BE54-9A1E7A4F7556}") = "Common.Core", "CSharp\Core\Common.Core\Common.Core.csproj", "{1688A0C1-1AE6-49F6-972E-C419E2A3B58F}"
EndProject
Project("{9A19103F-16F7-4668-BE54-9A1E7A4F7556}") = "WpfLoggingNoDI", "CSharp\Applications\WpfLoggingNoDI\WpfLoggingNoDI.csproj", "{622A3C25-28FD-484A-9CA5-E468CE926673}"
EndProject
Project("{2150E333-8FDC-42A3-9474-1A3956D46DE8}") = "Solution Items", "Solution Items", "{006FDAED-6319-4976-B8BA-8D94E4574139}"
	ProjectSection(SolutionItems) = preProject
		LICENSE = LICENSE
		readme.md = readme.md
	EndProjectSection
EndProject
Project("{9A19103F-16F7-4668-BE54-9A1E7A4F7556}") = "RandomLogging.Service", "CSharp\Background Services\RandomLogging.Service\RandomLogging.Service.csproj", "{18BA2294-FE64-481F-A86F-F5FD84438B66}"
EndProject
Project("{9A19103F-16F7-4668-BE54-9A1E7A4F7556}") = "Common.Wpf", "CSharp\Core\Common.Wpf\Common.Wpf.csproj", "{A221EE8F-EBAD-4016-89EB-F97956BCEC61}"
EndProject
Project("{9A19103F-16F7-4668-BE54-9A1E7A4F7556}") = "Common.WinForms", "CSharp\Core\Common.WinForms\Common.WinForms.csproj", "{19CDD4D0-8826-4538-85CE-74ABAF0483B3}"
EndProject
Project("{9A19103F-16F7-4668-BE54-9A1E7A4F7556}") = "MsLogger.Core", "CSharp\Core\MsLogger.Core\MsLogger.Core.csproj", "{0EDAAABD-495D-43A4-BDFB-A0506CAAC07E}"
EndProject
Project("{2150E333-8FDC-42A3-9474-1A3956D46DE8}") = "LoggerProviders", "LoggerProviders", "{23CB559B-2361-4ED6-8A26-D1B1C2005D65}"
EndProject
Project("{2150E333-8FDC-42A3-9474-1A3956D46DE8}") = "MsLogger", "MsLogger", "{8635B709-1D5A-4445-AC45-F99EE264634F}"
EndProject
Project("{2150E333-8FDC-42A3-9474-1A3956D46DE8}") = "Serilog", "Serilog", "{578FF757-F837-4C23-B2CA-3CF8B016F6A9}"
EndProject
Project("{9A19103F-16F7-4668-BE54-9A1E7A4F7556}") = "WpfSerilogDI", "CSharp\Applications\WpfSerilogDI\WpfSerilogDI.csproj", "{59A05E46-AB33-4F81-BDF6-3E8C3A1F5D5C}"
EndProject
Project("{9A19103F-16F7-4668-BE54-9A1E7A4F7556}") = "Serilog.Sinks.LogView.Core", "CSharp\Core\Serilog.Sinks.LogView.Core\Serilog.Sinks.LogView.Core.csproj", "{69763AFC-6182-402D-9418-6A48404C89A0}"
EndProject
Project("{9A19103F-16F7-4668-BE54-9A1E7A4F7556}") = "WpfSerilogNoDI", "CSharp\Applications\WpfSerilogNoDI\WpfSerilogNoDI.csproj", "{E666F716-F9BD-4630-8610-D41E965B28BA}"
EndProject
Project("{9A19103F-16F7-4668-BE54-9A1E7A4F7556}") = "AvaloniaLoggingDI", "CSharp\Applications\AvaloniaLoggingDI\AvaloniaLoggingDI.csproj", "{EA97953E-1223-40D5-A568-8932FDC3105E}"
EndProject
Project("{9A19103F-16F7-4668-BE54-9A1E7A4F7556}") = "LogViewer.Avalonia", "CSharp\Controls\LogViewer.Avalonia\LogViewer.Avalonia.csproj", "{C34C889C-4EB3-45F6-83DE-70252D1D67D5}"
EndProject
Project("{9A19103F-16F7-4668-BE54-9A1E7A4F7556}") = "AvaloniaSerilogDI", "CSharp\Applications\AvaloniaSerilogDI\AvaloniaSerilogDI.csproj", "{BCB0601D-E042-4949-8172-7A35A619519C}"
EndProject
Project("{9A19103F-16F7-4668-BE54-9A1E7A4F7556}") = "AvaloniaSerilogNoDI", "CSharp\Applications\AvaloniaSerilogNoDI\AvaloniaSerilogNoDI.csproj", "{4E892500-CF59-43A9-9A27-80D8EE028821}"
EndProject
Project("{9A19103F-16F7-4668-BE54-9A1E7A4F7556}") = "WinFormsSerilogDI", "CSharp\Applications\WinFormsSerilogDI\WinFormsSerilogDI.csproj", "{44282198-F1B3-4C63-A52E-D2E6651D298C}"
EndProject
Project("{9A19103F-16F7-4668-BE54-9A1E7A4F7556}") = "WinFormsSerilogNoDI", "CSharp\Applications\WinFormsSerilogNoDI\WinFormsSerilogNoDI.csproj", "{4F3E2263-7FDD-4EBF-929D-1013473720BE}"
EndProject
Project("{9A19103F-16F7-4668-BE54-9A1E7A4F7556}") = "AvaloniaLoggingNoDI", "CSharp\Applications\AvaloniaLoggingNoDI\AvaloniaLoggingNoDI.csproj", "{85C96F55-572A-4FDF-A028-12D27A48FB4D}"
EndProject
Project("{2150E333-8FDC-42A3-9474-1A3956D46DE8}") = "NLog", "NLog", "{D1F38E69-F9D3-4B88-A5E1-D452C276EF93}"
EndProject
Project("{9A19103F-16F7-4668-BE54-9A1E7A4F7556}") = "WpfNLogDI", "CSharp\Applications\WpfNLogDI\WpfNLogDI.csproj", "{5029989A-051C-4C2D-B119-E237994AC0A7}"
EndProject
Project("{9A19103F-16F7-4668-BE54-9A1E7A4F7556}") = "WpfNLogNoDI", "CSharp\Applications\WpfNLogNoDI\WpfNLogNoDI.csproj", "{E0E90703-3050-4764-8631-2948CFC18387}"
EndProject
Project("{9A19103F-16F7-4668-BE54-9A1E7A4F7556}") = "WinFormsNLogDI", "CSharp\Applications\WinFormsNLogDI\WinFormsNLogDI.csproj", "{6C76908A-CA1D-4B73-B4C6-E14FE7AE3405}"
EndProject
Project("{9A19103F-16F7-4668-BE54-9A1E7A4F7556}") = "WinFormsNLogNoDI", "CSharp\Applications\WinFormsNLogNoDI\WinFormsNLogNoDI.csproj", "{B2C63543-DD66-487D-AE75-07C5CE23F040}"
EndProject
Project("{9A19103F-16F7-4668-BE54-9A1E7A4F7556}") = "AvaloniaNlogDI", "CSharp\Applications\AvaloniaNlogDI\AvaloniaNlogDI.csproj", "{3B977A58-6F4B-4782-BE1F-82B75A400227}"
EndProject
Project("{9A19103F-16F7-4668-BE54-9A1E7A4F7556}") = "AvaloniaNlogNoDI", "CSharp\Applications\AvaloniaNlogNoDI\AvaloniaNlogNoDI.csproj", "{FE9FA295-A5C3-48B8-94C4-FDBA97171D63}"
EndProject
Project("{9A19103F-16F7-4668-BE54-9A1E7A4F7556}") = "NLog.Target.LogView.Core", "CSharp\Core\NLog.Target.LogView.Core\NLog.Target.LogView.Core.csproj", "{840A16D5-CCF3-4DAA-A767-6AF7A7F3212F}"
EndProject
Project("{2150E333-8FDC-42A3-9474-1A3956D46DE8}") = "3rd Party", "3rd Party", "{A0B29205-19C3-4FF8-B3A0-28E9E9182E86}"
EndProject
Project("{9A19103F-16F7-4668-BE54-9A1E7A4F7556}") = "Log4Net.Appender.LogView.Core", "CSharp\Core\Log4Net.Appender.LogView.Core\Log4Net.Appender.LogView.Core.csproj", "{6EA556A7-365C-4693-BDC2-2AAB845560B4}"
EndProject
Project("{2150E333-8FDC-42A3-9474-1A3956D46DE8}") = "Log4Net", "Log4Net", "{96DDE55E-63E1-4803-BFC5-72D6D38B4746}"
EndProject
Project("{9A19103F-16F7-4668-BE54-9A1E7A4F7556}") = "WpfLog4NetDI", "CSharp\Applications\WpfLog4NetDI\WpfLog4NetDI.csproj", "{3AE2C208-0C93-4654-A4A0-A0D0168BC6BB}"
EndProject
Project("{9A19103F-16F7-4668-BE54-9A1E7A4F7556}") = "AvaloniaLog4NetDI", "CSharp\Applications\AvaloniaLog4NetDI\AvaloniaLog4NetDI.csproj", "{E48DA650-1EA0-4180-AE41-6A1007E5E4A8}"
EndProject
Project("{9A19103F-16F7-4668-BE54-9A1E7A4F7556}") = "AvaloniaLog4NetNoDI", "CSharp\Applications\AvaloniaLog4NetNoDI\AvaloniaLog4NetNoDI.csproj", "{13F887B6-47E1-4FC9-A8FF-DF542AF05A81}"
EndProject
Project("{9A19103F-16F7-4668-BE54-9A1E7A4F7556}") = "WinFormsLog4NetDI", "CSharp\Applications\WinFormsLog4NetDI\WinFormsLog4NetDI.csproj", "{6AF44460-53CE-4563-A03E-A7D297FBC729}"
EndProject
Project("{9A19103F-16F7-4668-BE54-9A1E7A4F7556}") = "WinFormsLog4NetNoDI", "CSharp\Applications\WinFormsLog4NetNoDI\WinFormsLog4NetNoDI.csproj", "{AF87564F-FA75-486C-B35E-C8D29F1A3183}"
EndProject
Project("{9A19103F-16F7-4668-BE54-9A1E7A4F7556}") = "WpfLog4NetNoDI", "CSharp\Applications\WpfLog4NetNoDI\WpfLog4NetNoDI.csproj", "{F8F1A367-A352-4338-AAA7-31F6E130CF9C}"
EndProject
Project("{2150E333-8FDC-42A3-9474-1A3956D46DE8}") = "Resources", "Resources", "{7CD1D21E-CCCF-4458-B5E5-63ED2081E439}"
EndProject
Project("{778DAE3C-4631-46EA-AA77-85C1314464D9}") = "Avalonia.Resources", "Resources\Avalonia.Resources\Avalonia.Resources.vbproj", "{30AB364F-51E4-4255-865D-1D163B5F82BC}"
EndProject
Project("{9A19103F-16F7-4668-BE54-9A1E7A4F7556}") = "Microsoft.Extensions.Logging.Log4Net.AspNetCore", "Resources\3rd Party\Microsoft.Extensions.Logging.Log4Net.AspNetCore\Microsoft.Extensions.Logging.Log4Net.AspNetCore.csproj", "{170F33B5-C7C4-4D97-8DB9-DE508E2DFCD0}"
EndProject
Global
	GlobalSection(SolutionConfigurationPlatforms) = preSolution
		Debug|Any CPU = Debug|Any CPU
		Release|Any CPU = Release|Any CPU
	EndGlobalSection
	GlobalSection(ProjectConfigurationPlatforms) = postSolution
		{BB614345-449F-46AD-BE8C-5E2B7616EDE2}.Debug|Any CPU.ActiveCfg = Debug|Any CPU
		{BB614345-449F-46AD-BE8C-5E2B7616EDE2}.Debug|Any CPU.Build.0 = Debug|Any CPU
		{BB614345-449F-46AD-BE8C-5E2B7616EDE2}.Release|Any CPU.ActiveCfg = Release|Any CPU
		{BB614345-449F-46AD-BE8C-5E2B7616EDE2}.Release|Any CPU.Build.0 = Release|Any CPU
		{34F75D8B-6F15-4DE4-8335-FED83557EB8E}.Debug|Any CPU.ActiveCfg = Debug|Any CPU
		{34F75D8B-6F15-4DE4-8335-FED83557EB8E}.Debug|Any CPU.Build.0 = Debug|Any CPU
		{34F75D8B-6F15-4DE4-8335-FED83557EB8E}.Release|Any CPU.ActiveCfg = Release|Any CPU
		{34F75D8B-6F15-4DE4-8335-FED83557EB8E}.Release|Any CPU.Build.0 = Release|Any CPU
		{094DF049-194B-43EE-A4EC-EC647FBB44D5}.Debug|Any CPU.ActiveCfg = Debug|Any CPU
		{094DF049-194B-43EE-A4EC-EC647FBB44D5}.Debug|Any CPU.Build.0 = Debug|Any CPU
		{094DF049-194B-43EE-A4EC-EC647FBB44D5}.Release|Any CPU.ActiveCfg = Release|Any CPU
		{094DF049-194B-43EE-A4EC-EC647FBB44D5}.Release|Any CPU.Build.0 = Release|Any CPU
		{9FF3C1CB-C95B-4660-8DD7-9B367824B67C}.Debug|Any CPU.ActiveCfg = Debug|Any CPU
		{9FF3C1CB-C95B-4660-8DD7-9B367824B67C}.Debug|Any CPU.Build.0 = Debug|Any CPU
		{9FF3C1CB-C95B-4660-8DD7-9B367824B67C}.Release|Any CPU.ActiveCfg = Release|Any CPU
		{9FF3C1CB-C95B-4660-8DD7-9B367824B67C}.Release|Any CPU.Build.0 = Release|Any CPU
		{5EEBF0FE-9A6E-4B01-A8E3-1F21F183DF22}.Debug|Any CPU.ActiveCfg = Debug|Any CPU
		{5EEBF0FE-9A6E-4B01-A8E3-1F21F183DF22}.Debug|Any CPU.Build.0 = Debug|Any CPU
		{5EEBF0FE-9A6E-4B01-A8E3-1F21F183DF22}.Release|Any CPU.ActiveCfg = Release|Any CPU
		{5EEBF0FE-9A6E-4B01-A8E3-1F21F183DF22}.Release|Any CPU.Build.0 = Release|Any CPU
		{82EA3F1F-8267-4920-AD4B-BA7087BBD5DA}.Debug|Any CPU.ActiveCfg = Debug|Any CPU
		{82EA3F1F-8267-4920-AD4B-BA7087BBD5DA}.Debug|Any CPU.Build.0 = Debug|Any CPU
		{82EA3F1F-8267-4920-AD4B-BA7087BBD5DA}.Release|Any CPU.ActiveCfg = Release|Any CPU
		{82EA3F1F-8267-4920-AD4B-BA7087BBD5DA}.Release|Any CPU.Build.0 = Release|Any CPU
		{E17466C3-8CC2-43EA-81C7-85F7EB1A7BAB}.Debug|Any CPU.ActiveCfg = Debug|Any CPU
		{E17466C3-8CC2-43EA-81C7-85F7EB1A7BAB}.Debug|Any CPU.Build.0 = Debug|Any CPU
		{E17466C3-8CC2-43EA-81C7-85F7EB1A7BAB}.Release|Any CPU.ActiveCfg = Release|Any CPU
		{E17466C3-8CC2-43EA-81C7-85F7EB1A7BAB}.Release|Any CPU.Build.0 = Release|Any CPU
		{1688A0C1-1AE6-49F6-972E-C419E2A3B58F}.Debug|Any CPU.ActiveCfg = Debug|Any CPU
		{1688A0C1-1AE6-49F6-972E-C419E2A3B58F}.Debug|Any CPU.Build.0 = Debug|Any CPU
		{1688A0C1-1AE6-49F6-972E-C419E2A3B58F}.Release|Any CPU.ActiveCfg = Release|Any CPU
		{1688A0C1-1AE6-49F6-972E-C419E2A3B58F}.Release|Any CPU.Build.0 = Release|Any CPU
		{622A3C25-28FD-484A-9CA5-E468CE926673}.Debug|Any CPU.ActiveCfg = Debug|Any CPU
		{622A3C25-28FD-484A-9CA5-E468CE926673}.Debug|Any CPU.Build.0 = Debug|Any CPU
		{622A3C25-28FD-484A-9CA5-E468CE926673}.Release|Any CPU.ActiveCfg = Release|Any CPU
		{622A3C25-28FD-484A-9CA5-E468CE926673}.Release|Any CPU.Build.0 = Release|Any CPU
		{18BA2294-FE64-481F-A86F-F5FD84438B66}.Debug|Any CPU.ActiveCfg = Debug|Any CPU
		{18BA2294-FE64-481F-A86F-F5FD84438B66}.Debug|Any CPU.Build.0 = Debug|Any CPU
		{18BA2294-FE64-481F-A86F-F5FD84438B66}.Release|Any CPU.ActiveCfg = Release|Any CPU
		{18BA2294-FE64-481F-A86F-F5FD84438B66}.Release|Any CPU.Build.0 = Release|Any CPU
		{A221EE8F-EBAD-4016-89EB-F97956BCEC61}.Debug|Any CPU.ActiveCfg = Debug|Any CPU
		{A221EE8F-EBAD-4016-89EB-F97956BCEC61}.Debug|Any CPU.Build.0 = Debug|Any CPU
		{A221EE8F-EBAD-4016-89EB-F97956BCEC61}.Release|Any CPU.ActiveCfg = Release|Any CPU
		{A221EE8F-EBAD-4016-89EB-F97956BCEC61}.Release|Any CPU.Build.0 = Release|Any CPU
		{19CDD4D0-8826-4538-85CE-74ABAF0483B3}.Debug|Any CPU.ActiveCfg = Debug|Any CPU
		{19CDD4D0-8826-4538-85CE-74ABAF0483B3}.Debug|Any CPU.Build.0 = Debug|Any CPU
		{19CDD4D0-8826-4538-85CE-74ABAF0483B3}.Release|Any CPU.ActiveCfg = Release|Any CPU
		{19CDD4D0-8826-4538-85CE-74ABAF0483B3}.Release|Any CPU.Build.0 = Release|Any CPU
		{0EDAAABD-495D-43A4-BDFB-A0506CAAC07E}.Debug|Any CPU.ActiveCfg = Debug|Any CPU
		{0EDAAABD-495D-43A4-BDFB-A0506CAAC07E}.Debug|Any CPU.Build.0 = Debug|Any CPU
		{0EDAAABD-495D-43A4-BDFB-A0506CAAC07E}.Release|Any CPU.ActiveCfg = Release|Any CPU
		{0EDAAABD-495D-43A4-BDFB-A0506CAAC07E}.Release|Any CPU.Build.0 = Release|Any CPU
		{59A05E46-AB33-4F81-BDF6-3E8C3A1F5D5C}.Debug|Any CPU.ActiveCfg = Debug|Any CPU
		{59A05E46-AB33-4F81-BDF6-3E8C3A1F5D5C}.Debug|Any CPU.Build.0 = Debug|Any CPU
		{59A05E46-AB33-4F81-BDF6-3E8C3A1F5D5C}.Release|Any CPU.ActiveCfg = Release|Any CPU
		{59A05E46-AB33-4F81-BDF6-3E8C3A1F5D5C}.Release|Any CPU.Build.0 = Release|Any CPU
		{69763AFC-6182-402D-9418-6A48404C89A0}.Debug|Any CPU.ActiveCfg = Debug|Any CPU
		{69763AFC-6182-402D-9418-6A48404C89A0}.Debug|Any CPU.Build.0 = Debug|Any CPU
		{69763AFC-6182-402D-9418-6A48404C89A0}.Release|Any CPU.ActiveCfg = Release|Any CPU
		{69763AFC-6182-402D-9418-6A48404C89A0}.Release|Any CPU.Build.0 = Release|Any CPU
		{E666F716-F9BD-4630-8610-D41E965B28BA}.Debug|Any CPU.ActiveCfg = Debug|Any CPU
		{E666F716-F9BD-4630-8610-D41E965B28BA}.Debug|Any CPU.Build.0 = Debug|Any CPU
		{E666F716-F9BD-4630-8610-D41E965B28BA}.Release|Any CPU.ActiveCfg = Release|Any CPU
		{E666F716-F9BD-4630-8610-D41E965B28BA}.Release|Any CPU.Build.0 = Release|Any CPU
		{EA97953E-1223-40D5-A568-8932FDC3105E}.Debug|Any CPU.ActiveCfg = Debug|Any CPU
		{EA97953E-1223-40D5-A568-8932FDC3105E}.Debug|Any CPU.Build.0 = Debug|Any CPU
		{EA97953E-1223-40D5-A568-8932FDC3105E}.Release|Any CPU.ActiveCfg = Release|Any CPU
		{EA97953E-1223-40D5-A568-8932FDC3105E}.Release|Any CPU.Build.0 = Release|Any CPU
		{C34C889C-4EB3-45F6-83DE-70252D1D67D5}.Debug|Any CPU.ActiveCfg = Debug|Any CPU
		{C34C889C-4EB3-45F6-83DE-70252D1D67D5}.Debug|Any CPU.Build.0 = Debug|Any CPU
		{C34C889C-4EB3-45F6-83DE-70252D1D67D5}.Release|Any CPU.ActiveCfg = Release|Any CPU
		{C34C889C-4EB3-45F6-83DE-70252D1D67D5}.Release|Any CPU.Build.0 = Release|Any CPU
		{BCB0601D-E042-4949-8172-7A35A619519C}.Debug|Any CPU.ActiveCfg = Debug|Any CPU
		{BCB0601D-E042-4949-8172-7A35A619519C}.Debug|Any CPU.Build.0 = Debug|Any CPU
		{BCB0601D-E042-4949-8172-7A35A619519C}.Release|Any CPU.ActiveCfg = Release|Any CPU
		{BCB0601D-E042-4949-8172-7A35A619519C}.Release|Any CPU.Build.0 = Release|Any CPU
		{4E892500-CF59-43A9-9A27-80D8EE028821}.Debug|Any CPU.ActiveCfg = Debug|Any CPU
		{4E892500-CF59-43A9-9A27-80D8EE028821}.Debug|Any CPU.Build.0 = Debug|Any CPU
		{4E892500-CF59-43A9-9A27-80D8EE028821}.Release|Any CPU.ActiveCfg = Release|Any CPU
		{4E892500-CF59-43A9-9A27-80D8EE028821}.Release|Any CPU.Build.0 = Release|Any CPU
		{44282198-F1B3-4C63-A52E-D2E6651D298C}.Debug|Any CPU.ActiveCfg = Debug|Any CPU
		{44282198-F1B3-4C63-A52E-D2E6651D298C}.Debug|Any CPU.Build.0 = Debug|Any CPU
		{44282198-F1B3-4C63-A52E-D2E6651D298C}.Release|Any CPU.ActiveCfg = Release|Any CPU
		{44282198-F1B3-4C63-A52E-D2E6651D298C}.Release|Any CPU.Build.0 = Release|Any CPU
		{4F3E2263-7FDD-4EBF-929D-1013473720BE}.Debug|Any CPU.ActiveCfg = Debug|Any CPU
		{4F3E2263-7FDD-4EBF-929D-1013473720BE}.Debug|Any CPU.Build.0 = Debug|Any CPU
		{4F3E2263-7FDD-4EBF-929D-1013473720BE}.Release|Any CPU.ActiveCfg = Release|Any CPU
		{4F3E2263-7FDD-4EBF-929D-1013473720BE}.Release|Any CPU.Build.0 = Release|Any CPU
		{85C96F55-572A-4FDF-A028-12D27A48FB4D}.Debug|Any CPU.ActiveCfg = Debug|Any CPU
		{85C96F55-572A-4FDF-A028-12D27A48FB4D}.Debug|Any CPU.Build.0 = Debug|Any CPU
		{85C96F55-572A-4FDF-A028-12D27A48FB4D}.Release|Any CPU.ActiveCfg = Release|Any CPU
		{85C96F55-572A-4FDF-A028-12D27A48FB4D}.Release|Any CPU.Build.0 = Release|Any CPU
		{5029989A-051C-4C2D-B119-E237994AC0A7}.Debug|Any CPU.ActiveCfg = Debug|Any CPU
		{5029989A-051C-4C2D-B119-E237994AC0A7}.Debug|Any CPU.Build.0 = Debug|Any CPU
		{5029989A-051C-4C2D-B119-E237994AC0A7}.Release|Any CPU.ActiveCfg = Release|Any CPU
		{5029989A-051C-4C2D-B119-E237994AC0A7}.Release|Any CPU.Build.0 = Release|Any CPU
		{E0E90703-3050-4764-8631-2948CFC18387}.Debug|Any CPU.ActiveCfg = Debug|Any CPU
		{E0E90703-3050-4764-8631-2948CFC18387}.Debug|Any CPU.Build.0 = Debug|Any CPU
		{E0E90703-3050-4764-8631-2948CFC18387}.Release|Any CPU.ActiveCfg = Release|Any CPU
		{E0E90703-3050-4764-8631-2948CFC18387}.Release|Any CPU.Build.0 = Release|Any CPU
		{6C76908A-CA1D-4B73-B4C6-E14FE7AE3405}.Debug|Any CPU.ActiveCfg = Debug|Any CPU
		{6C76908A-CA1D-4B73-B4C6-E14FE7AE3405}.Debug|Any CPU.Build.0 = Debug|Any CPU
		{6C76908A-CA1D-4B73-B4C6-E14FE7AE3405}.Release|Any CPU.ActiveCfg = Release|Any CPU
		{6C76908A-CA1D-4B73-B4C6-E14FE7AE3405}.Release|Any CPU.Build.0 = Release|Any CPU
		{B2C63543-DD66-487D-AE75-07C5CE23F040}.Debug|Any CPU.ActiveCfg = Debug|Any CPU
		{B2C63543-DD66-487D-AE75-07C5CE23F040}.Debug|Any CPU.Build.0 = Debug|Any CPU
		{B2C63543-DD66-487D-AE75-07C5CE23F040}.Release|Any CPU.ActiveCfg = Release|Any CPU
		{B2C63543-DD66-487D-AE75-07C5CE23F040}.Release|Any CPU.Build.0 = Release|Any CPU
		{3B977A58-6F4B-4782-BE1F-82B75A400227}.Debug|Any CPU.ActiveCfg = Debug|Any CPU
		{3B977A58-6F4B-4782-BE1F-82B75A400227}.Debug|Any CPU.Build.0 = Debug|Any CPU
		{3B977A58-6F4B-4782-BE1F-82B75A400227}.Release|Any CPU.ActiveCfg = Release|Any CPU
		{3B977A58-6F4B-4782-BE1F-82B75A400227}.Release|Any CPU.Build.0 = Release|Any CPU
		{FE9FA295-A5C3-48B8-94C4-FDBA97171D63}.Debug|Any CPU.ActiveCfg = Debug|Any CPU
		{FE9FA295-A5C3-48B8-94C4-FDBA97171D63}.Debug|Any CPU.Build.0 = Debug|Any CPU
		{FE9FA295-A5C3-48B8-94C4-FDBA97171D63}.Release|Any CPU.ActiveCfg = Release|Any CPU
		{FE9FA295-A5C3-48B8-94C4-FDBA97171D63}.Release|Any CPU.Build.0 = Release|Any CPU
		{840A16D5-CCF3-4DAA-A767-6AF7A7F3212F}.Debug|Any CPU.ActiveCfg = Debug|Any CPU
		{840A16D5-CCF3-4DAA-A767-6AF7A7F3212F}.Debug|Any CPU.Build.0 = Debug|Any CPU
		{840A16D5-CCF3-4DAA-A767-6AF7A7F3212F}.Release|Any CPU.ActiveCfg = Release|Any CPU
		{840A16D5-CCF3-4DAA-A767-6AF7A7F3212F}.Release|Any CPU.Build.0 = Release|Any CPU
		{6EA556A7-365C-4693-BDC2-2AAB845560B4}.Debug|Any CPU.ActiveCfg = Debug|Any CPU
		{6EA556A7-365C-4693-BDC2-2AAB845560B4}.Debug|Any CPU.Build.0 = Debug|Any CPU
		{6EA556A7-365C-4693-BDC2-2AAB845560B4}.Release|Any CPU.ActiveCfg = Release|Any CPU
		{6EA556A7-365C-4693-BDC2-2AAB845560B4}.Release|Any CPU.Build.0 = Release|Any CPU
		{3AE2C208-0C93-4654-A4A0-A0D0168BC6BB}.Debug|Any CPU.ActiveCfg = Debug|Any CPU
		{3AE2C208-0C93-4654-A4A0-A0D0168BC6BB}.Debug|Any CPU.Build.0 = Debug|Any CPU
		{3AE2C208-0C93-4654-A4A0-A0D0168BC6BB}.Release|Any CPU.ActiveCfg = Release|Any CPU
		{3AE2C208-0C93-4654-A4A0-A0D0168BC6BB}.Release|Any CPU.Build.0 = Release|Any CPU
		{E48DA650-1EA0-4180-AE41-6A1007E5E4A8}.Debug|Any CPU.ActiveCfg = Debug|Any CPU
		{E48DA650-1EA0-4180-AE41-6A1007E5E4A8}.Debug|Any CPU.Build.0 = Debug|Any CPU
		{E48DA650-1EA0-4180-AE41-6A1007E5E4A8}.Release|Any CPU.ActiveCfg = Release|Any CPU
		{E48DA650-1EA0-4180-AE41-6A1007E5E4A8}.Release|Any CPU.Build.0 = Release|Any CPU
		{13F887B6-47E1-4FC9-A8FF-DF542AF05A81}.Debug|Any CPU.ActiveCfg = Debug|Any CPU
		{13F887B6-47E1-4FC9-A8FF-DF542AF05A81}.Debug|Any CPU.Build.0 = Debug|Any CPU
		{13F887B6-47E1-4FC9-A8FF-DF542AF05A81}.Release|Any CPU.ActiveCfg = Release|Any CPU
		{13F887B6-47E1-4FC9-A8FF-DF542AF05A81}.Release|Any CPU.Build.0 = Release|Any CPU
		{6AF44460-53CE-4563-A03E-A7D297FBC729}.Debug|Any CPU.ActiveCfg = Debug|Any CPU
		{6AF44460-53CE-4563-A03E-A7D297FBC729}.Debug|Any CPU.Build.0 = Debug|Any CPU
		{6AF44460-53CE-4563-A03E-A7D297FBC729}.Release|Any CPU.ActiveCfg = Release|Any CPU
		{6AF44460-53CE-4563-A03E-A7D297FBC729}.Release|Any CPU.Build.0 = Release|Any CPU
		{AF87564F-FA75-486C-B35E-C8D29F1A3183}.Debug|Any CPU.ActiveCfg = Debug|Any CPU
		{AF87564F-FA75-486C-B35E-C8D29F1A3183}.Debug|Any CPU.Build.0 = Debug|Any CPU
		{AF87564F-FA75-486C-B35E-C8D29F1A3183}.Release|Any CPU.ActiveCfg = Release|Any CPU
		{AF87564F-FA75-486C-B35E-C8D29F1A3183}.Release|Any CPU.Build.0 = Release|Any CPU
		{F8F1A367-A352-4338-AAA7-31F6E130CF9C}.Debug|Any CPU.ActiveCfg = Debug|Any CPU
		{F8F1A367-A352-4338-AAA7-31F6E130CF9C}.Debug|Any CPU.Build.0 = Debug|Any CPU
		{F8F1A367-A352-4338-AAA7-31F6E130CF9C}.Release|Any CPU.ActiveCfg = Release|Any CPU
		{F8F1A367-A352-4338-AAA7-31F6E130CF9C}.Release|Any CPU.Build.0 = Release|Any CPU
		{30AB364F-51E4-4255-865D-1D163B5F82BC}.Debug|Any CPU.ActiveCfg = Debug|Any CPU
		{30AB364F-51E4-4255-865D-1D163B5F82BC}.Debug|Any CPU.Build.0 = Debug|Any CPU
		{30AB364F-51E4-4255-865D-1D163B5F82BC}.Release|Any CPU.ActiveCfg = Release|Any CPU
		{30AB364F-51E4-4255-865D-1D163B5F82BC}.Release|Any CPU.Build.0 = Release|Any CPU
		{170F33B5-C7C4-4D97-8DB9-DE508E2DFCD0}.Debug|Any CPU.ActiveCfg = Debug|Any CPU
		{170F33B5-C7C4-4D97-8DB9-DE508E2DFCD0}.Debug|Any CPU.Build.0 = Debug|Any CPU
		{170F33B5-C7C4-4D97-8DB9-DE508E2DFCD0}.Release|Any CPU.ActiveCfg = Release|Any CPU
		{170F33B5-C7C4-4D97-8DB9-DE508E2DFCD0}.Release|Any CPU.Build.0 = Release|Any CPU
	EndGlobalSection
	GlobalSection(SolutionProperties) = preSolution
		HideSolutionNode = FALSE
	EndGlobalSection
	GlobalSection(NestedProjects) = preSolution
		{BB614345-449F-46AD-BE8C-5E2B7616EDE2} = {A3BEB004-4DF7-4281-9A08-8A7BCD4E3CC9}
		{34F75D8B-6F15-4DE4-8335-FED83557EB8E} = {A3BEB004-4DF7-4281-9A08-8A7BCD4E3CC9}
		{094DF049-194B-43EE-A4EC-EC647FBB44D5} = {E589E611-C328-4D4F-817D-A91D5A1019FB}
		{9FF3C1CB-C95B-4660-8DD7-9B367824B67C} = {8635B709-1D5A-4445-AC45-F99EE264634F}
		{5EEBF0FE-9A6E-4B01-A8E3-1F21F183DF22} = {E589E611-C328-4D4F-817D-A91D5A1019FB}
		{82EA3F1F-8267-4920-AD4B-BA7087BBD5DA} = {8635B709-1D5A-4445-AC45-F99EE264634F}
		{E17466C3-8CC2-43EA-81C7-85F7EB1A7BAB} = {8635B709-1D5A-4445-AC45-F99EE264634F}
		{1688A0C1-1AE6-49F6-972E-C419E2A3B58F} = {A3BEB004-4DF7-4281-9A08-8A7BCD4E3CC9}
		{622A3C25-28FD-484A-9CA5-E468CE926673} = {8635B709-1D5A-4445-AC45-F99EE264634F}
		{18BA2294-FE64-481F-A86F-F5FD84438B66} = {0CDEA51D-46FE-4767-BA2E-8F14582A926D}
		{A221EE8F-EBAD-4016-89EB-F97956BCEC61} = {A3BEB004-4DF7-4281-9A08-8A7BCD4E3CC9}
		{19CDD4D0-8826-4538-85CE-74ABAF0483B3} = {A3BEB004-4DF7-4281-9A08-8A7BCD4E3CC9}
		{0EDAAABD-495D-43A4-BDFB-A0506CAAC07E} = {23CB559B-2361-4ED6-8A26-D1B1C2005D65}
		{23CB559B-2361-4ED6-8A26-D1B1C2005D65} = {A3BEB004-4DF7-4281-9A08-8A7BCD4E3CC9}
		{8635B709-1D5A-4445-AC45-F99EE264634F} = {42E99803-0A95-4172-9079-3B8BF8CBDE9F}
		{578FF757-F837-4C23-B2CA-3CF8B016F6A9} = {42E99803-0A95-4172-9079-3B8BF8CBDE9F}
		{59A05E46-AB33-4F81-BDF6-3E8C3A1F5D5C} = {578FF757-F837-4C23-B2CA-3CF8B016F6A9}
		{69763AFC-6182-402D-9418-6A48404C89A0} = {23CB559B-2361-4ED6-8A26-D1B1C2005D65}
		{E666F716-F9BD-4630-8610-D41E965B28BA} = {578FF757-F837-4C23-B2CA-3CF8B016F6A9}
		{EA97953E-1223-40D5-A568-8932FDC3105E} = {8635B709-1D5A-4445-AC45-F99EE264634F}
		{C34C889C-4EB3-45F6-83DE-70252D1D67D5} = {E589E611-C328-4D4F-817D-A91D5A1019FB}
		{BCB0601D-E042-4949-8172-7A35A619519C} = {578FF757-F837-4C23-B2CA-3CF8B016F6A9}
		{4E892500-CF59-43A9-9A27-80D8EE028821} = {578FF757-F837-4C23-B2CA-3CF8B016F6A9}
		{44282198-F1B3-4C63-A52E-D2E6651D298C} = {578FF757-F837-4C23-B2CA-3CF8B016F6A9}
		{4F3E2263-7FDD-4EBF-929D-1013473720BE} = {578FF757-F837-4C23-B2CA-3CF8B016F6A9}
		{85C96F55-572A-4FDF-A028-12D27A48FB4D} = {8635B709-1D5A-4445-AC45-F99EE264634F}
		{D1F38E69-F9D3-4B88-A5E1-D452C276EF93} = {42E99803-0A95-4172-9079-3B8BF8CBDE9F}
		{5029989A-051C-4C2D-B119-E237994AC0A7} = {D1F38E69-F9D3-4B88-A5E1-D452C276EF93}
		{E0E90703-3050-4764-8631-2948CFC18387} = {D1F38E69-F9D3-4B88-A5E1-D452C276EF93}
		{6C76908A-CA1D-4B73-B4C6-E14FE7AE3405} = {D1F38E69-F9D3-4B88-A5E1-D452C276EF93}
		{B2C63543-DD66-487D-AE75-07C5CE23F040} = {D1F38E69-F9D3-4B88-A5E1-D452C276EF93}
		{3B977A58-6F4B-4782-BE1F-82B75A400227} = {D1F38E69-F9D3-4B88-A5E1-D452C276EF93}
		{FE9FA295-A5C3-48B8-94C4-FDBA97171D63} = {D1F38E69-F9D3-4B88-A5E1-D452C276EF93}
		{840A16D5-CCF3-4DAA-A767-6AF7A7F3212F} = {23CB559B-2361-4ED6-8A26-D1B1C2005D65}
		{A0B29205-19C3-4FF8-B3A0-28E9E9182E86} = {7CD1D21E-CCCF-4458-B5E5-63ED2081E439}
		{6EA556A7-365C-4693-BDC2-2AAB845560B4} = {23CB559B-2361-4ED6-8A26-D1B1C2005D65}
		{96DDE55E-63E1-4803-BFC5-72D6D38B4746} = {42E99803-0A95-4172-9079-3B8BF8CBDE9F}
		{3AE2C208-0C93-4654-A4A0-A0D0168BC6BB} = {96DDE55E-63E1-4803-BFC5-72D6D38B4746}
		{E48DA650-1EA0-4180-AE41-6A1007E5E4A8} = {96DDE55E-63E1-4803-BFC5-72D6D38B4746}
		{13F887B6-47E1-4FC9-A8FF-DF542AF05A81} = {96DDE55E-63E1-4803-BFC5-72D6D38B4746}
		{6AF44460-53CE-4563-A03E-A7D297FBC729} = {96DDE55E-63E1-4803-BFC5-72D6D38B4746}
		{AF87564F-FA75-486C-B35E-C8D29F1A3183} = {96DDE55E-63E1-4803-BFC5-72D6D38B4746}
		{F8F1A367-A352-4338-AAA7-31F6E130CF9C} = {96DDE55E-63E1-4803-BFC5-72D6D38B4746}
		{30AB364F-51E4-4255-865D-1D163B5F82BC} = {7CD1D21E-CCCF-4458-B5E5-63ED2081E439}
		{170F33B5-C7C4-4D97-8DB9-DE508E2DFCD0} = {A0B29205-19C3-4FF8-B3A0-28E9E9182E86}
	EndGlobalSection
	GlobalSection(ExtensibilityGlobals) = postSolution
		SolutionGuid = {D6A9B467-ED50-40DB-9FFB-5BE745F08DDB}
	EndGlobalSection
EndGlobal
